
Microsoft Visual Studio Solution File, Format Version 12.00
# Visual Studio Version 16
VisualStudioVersion = 16.0.32510.428
MinimumVisualStudioVersion = 10.0.40219.1
Project("{FAE04EC0-301F-11D3-BF4B-00C04F79EFBC}") = "Juguetes", "Juguetes.csproj", "{FE663194-F0CE-4547-8987-5FD1F4D2EDDC}"
EndProject
Global
	GlobalSection(SolutionConfigurationPlatforms) = preSolution
		Debug|Any CPU = Debug|Any CPU
		Release|Any CPU = Release|Any CPU
	EndGlobalSection
	GlobalSection(ProjectConfigurationPlatforms) = postSolution
		{FE663194-F0CE-4547-8987-5FD1F4D2EDDC}.Debug|Any CPU.ActiveCfg = Debug|Any CPU
		{FE663194-F0CE-4547-8987-5FD1F4D2EDDC}.Debug|Any CPU.Build.0 = Debug|Any CPU
		{FE663194-F0CE-4547-8987-5FD1F4D2EDDC}.Release|Any CPU.ActiveCfg = Release|Any CPU
		{FE663194-F0CE-4547-8987-5FD1F4D2EDDC}.Release|Any CPU.Build.0 = Release|Any CPU
	EndGlobalSection
	GlobalSection(SolutionProperties) = preSolution
		HideSolutionNode = FALSE
	EndGlobalSection
	GlobalSection(ExtensibilityGlobals) = postSolution
		SolutionGuid = {EAA5D8F2-55B4-45E5-A4D9-1EBE82BFCF4C}
	EndGlobalSection
EndGlobal
